// !$*UTF8*$!
{
	archiveVersion = 1;
	classes = {
	};
	objectVersion = 52;
	objects = {

/* Begin PBXBuildFile section */
		EC106C5A22CAE52E0010C543 /* SearchRepositoryResponse.swift in Sources */ = {isa = PBXBuildFile; fileRef = EC106C5622CAE52E0010C543 /* SearchRepositoryResponse.swift */; };
		EC106C5B22CAE52E0010C543 /* AnySubscription.swift in Sources */ = {isa = PBXBuildFile; fileRef = EC106C5722CAE52E0010C543 /* AnySubscription.swift */; };
		EC106C5C22CAE52E0010C543 /* User.swift in Sources */ = {isa = PBXBuildFile; fileRef = EC106C5822CAE52E0010C543 /* User.swift */; };
		EC106C5D22CAE52E0010C543 /* Repository.swift in Sources */ = {isa = PBXBuildFile; fileRef = EC106C5922CAE52E0010C543 /* Repository.swift */; };
		EC106C6422CAE5350010C543 /* TrackerService.swift in Sources */ = {isa = PBXBuildFile; fileRef = EC106C5F22CAE5350010C543 /* TrackerService.swift */; };
		EC106C6522CAE5350010C543 /* APIService.swift in Sources */ = {isa = PBXBuildFile; fileRef = EC106C6022CAE5350010C543 /* APIService.swift */; };
		EC106C6622CAE5350010C543 /* APIServiceError.swift in Sources */ = {isa = PBXBuildFile; fileRef = EC106C6122CAE5350010C543 /* APIServiceError.swift */; };
		EC106C6722CAE5350010C543 /* SearchRepositoryRequest.swift in Sources */ = {isa = PBXBuildFile; fileRef = EC106C6222CAE5350010C543 /* SearchRepositoryRequest.swift */; };
		EC106C6822CAE5350010C543 /* ExperimentService.swift in Sources */ = {isa = PBXBuildFile; fileRef = EC106C6322CAE5350010C543 /* ExperimentService.swift */; };
		EC106C6D22CAE53B0010C543 /* RepositoryListView.swift in Sources */ = {isa = PBXBuildFile; fileRef = EC106C6A22CAE53B0010C543 /* RepositoryListView.swift */; };
		EC106C6E22CAE53B0010C543 /* RepositoryListRow.swift in Sources */ = {isa = PBXBuildFile; fileRef = EC106C6B22CAE53B0010C543 /* RepositoryListRow.swift */; };
		EC106C6F22CAE53B0010C543 /* RepositoryDetailView.swift in Sources */ = {isa = PBXBuildFile; fileRef = EC106C6C22CAE53B0010C543 /* RepositoryDetailView.swift */; };
		EC106C7222CB85240010C543 /* Redux.swift in Sources */ = {isa = PBXBuildFile; fileRef = EC106C7122CB85240010C543 /* Redux.swift */; };
		EC106C7522CB8CB20010C543 /* AppState.swift in Sources */ = {isa = PBXBuildFile; fileRef = EC106C7422CB8CB20010C543 /* AppState.swift */; };
		EC106C7722CB8D4B0010C543 /* RepositoryListState.swift in Sources */ = {isa = PBXBuildFile; fileRef = EC106C7622CB8D4B0010C543 /* RepositoryListState.swift */; };
		EC106C7922CB8F330010C543 /* RepositoryListReducer.swift in Sources */ = {isa = PBXBuildFile; fileRef = EC106C7822CB8F330010C543 /* RepositoryListReducer.swift */; };
		EC106C7B22CB8F660010C543 /* RepositoryListAction.swift in Sources */ = {isa = PBXBuildFile; fileRef = EC106C7A22CB8F660010C543 /* RepositoryListAction.swift */; };
		EC106C8122CEDBA20010C543 /* Middleware.swift in Sources */ = {isa = PBXBuildFile; fileRef = EC106C8022CEDBA20010C543 /* Middleware.swift */; };
		EC106C8322CEDC040010C543 /* ReduxStore.swift in Sources */ = {isa = PBXBuildFile; fileRef = EC106C8222CEDC040010C543 /* ReduxStore.swift */; };
		EC139E0622B4E6BC003B138A /* AppDelegate.swift in Sources */ = {isa = PBXBuildFile; fileRef = EC139E0522B4E6BC003B138A /* AppDelegate.swift */; };
		EC139E0822B4E6BC003B138A /* SceneDelegate.swift in Sources */ = {isa = PBXBuildFile; fileRef = EC139E0722B4E6BC003B138A /* SceneDelegate.swift */; };
		EC139E0C22B4E6BD003B138A /* Assets.xcassets in Resources */ = {isa = PBXBuildFile; fileRef = EC139E0B22B4E6BD003B138A /* Assets.xcassets */; };
		EC139E0F22B4E6BD003B138A /* Preview Assets.xcassets in Resources */ = {isa = PBXBuildFile; fileRef = EC139E0E22B4E6BD003B138A /* Preview Assets.xcassets */; };
		EC139E1222B4E6BD003B138A /* LaunchScreen.storyboard in Resources */ = {isa = PBXBuildFile; fileRef = EC139E1022B4E6BD003B138A /* LaunchScreen.storyboard */; };
		EC139E1D22B4E6BD003B138A /* SwiftUI_ReduxTests.swift in Sources */ = {isa = PBXBuildFile; fileRef = EC139E1C22B4E6BD003B138A /* SwiftUI_ReduxTests.swift */; };
		EC67E57522F0964400B2382C /* ReSwift in Frameworks */ = {isa = PBXBuildFile; productRef = EC67E57422F0964400B2382C /* ReSwift */; };
/* End PBXBuildFile section */

/* Begin PBXContainerItemProxy section */
		EC139E1922B4E6BD003B138A /* PBXContainerItemProxy */ = {
			isa = PBXContainerItemProxy;
			containerPortal = EC139DFA22B4E6BC003B138A /* Project object */;
			proxyType = 1;
			remoteGlobalIDString = EC139E0122B4E6BC003B138A;
			remoteInfo = "SwiftUI-Redux";
		};
/* End PBXContainerItemProxy section */

/* Begin PBXFileReference section */
		EC106C5622CAE52E0010C543 /* SearchRepositoryResponse.swift */ = {isa = PBXFileReference; fileEncoding = 4; lastKnownFileType = sourcecode.swift; path = SearchRepositoryResponse.swift; sourceTree = "<group>"; };
		EC106C5722CAE52E0010C543 /* AnySubscription.swift */ = {isa = PBXFileReference; fileEncoding = 4; lastKnownFileType = sourcecode.swift; path = AnySubscription.swift; sourceTree = "<group>"; };
		EC106C5822CAE52E0010C543 /* User.swift */ = {isa = PBXFileReference; fileEncoding = 4; lastKnownFileType = sourcecode.swift; path = User.swift; sourceTree = "<group>"; };
		EC106C5922CAE52E0010C543 /* Repository.swift */ = {isa = PBXFileReference; fileEncoding = 4; lastKnownFileType = sourcecode.swift; path = Repository.swift; sourceTree = "<group>"; };
		EC106C5F22CAE5350010C543 /* TrackerService.swift */ = {isa = PBXFileReference; fileEncoding = 4; lastKnownFileType = sourcecode.swift; path = TrackerService.swift; sourceTree = "<group>"; };
		EC106C6022CAE5350010C543 /* APIService.swift */ = {isa = PBXFileReference; fileEncoding = 4; lastKnownFileType = sourcecode.swift; path = APIService.swift; sourceTree = "<group>"; };
		EC106C6122CAE5350010C543 /* APIServiceError.swift */ = {isa = PBXFileReference; fileEncoding = 4; lastKnownFileType = sourcecode.swift; path = APIServiceError.swift; sourceTree = "<group>"; };
		EC106C6222CAE5350010C543 /* SearchRepositoryRequest.swift */ = {isa = PBXFileReference; fileEncoding = 4; lastKnownFileType = sourcecode.swift; path = SearchRepositoryRequest.swift; sourceTree = "<group>"; };
		EC106C6322CAE5350010C543 /* ExperimentService.swift */ = {isa = PBXFileReference; fileEncoding = 4; lastKnownFileType = sourcecode.swift; path = ExperimentService.swift; sourceTree = "<group>"; };
		EC106C6A22CAE53B0010C543 /* RepositoryListView.swift */ = {isa = PBXFileReference; fileEncoding = 4; lastKnownFileType = sourcecode.swift; path = RepositoryListView.swift; sourceTree = "<group>"; };
		EC106C6B22CAE53B0010C543 /* RepositoryListRow.swift */ = {isa = PBXFileReference; fileEncoding = 4; lastKnownFileType = sourcecode.swift; path = RepositoryListRow.swift; sourceTree = "<group>"; };
		EC106C6C22CAE53B0010C543 /* RepositoryDetailView.swift */ = {isa = PBXFileReference; fileEncoding = 4; lastKnownFileType = sourcecode.swift; path = RepositoryDetailView.swift; sourceTree = "<group>"; };
		EC106C7122CB85240010C543 /* Redux.swift */ = {isa = PBXFileReference; lastKnownFileType = sourcecode.swift; path = Redux.swift; sourceTree = "<group>"; };
		EC106C7422CB8CB20010C543 /* AppState.swift */ = {isa = PBXFileReference; lastKnownFileType = sourcecode.swift; path = AppState.swift; sourceTree = "<group>"; };
		EC106C7622CB8D4B0010C543 /* RepositoryListState.swift */ = {isa = PBXFileReference; lastKnownFileType = sourcecode.swift; path = RepositoryListState.swift; sourceTree = "<group>"; };
		EC106C7822CB8F330010C543 /* RepositoryListReducer.swift */ = {isa = PBXFileReference; lastKnownFileType = sourcecode.swift; path = RepositoryListReducer.swift; sourceTree = "<group>"; };
		EC106C7A22CB8F660010C543 /* RepositoryListAction.swift */ = {isa = PBXFileReference; lastKnownFileType = sourcecode.swift; path = RepositoryListAction.swift; sourceTree = "<group>"; };
		EC106C8022CEDBA20010C543 /* Middleware.swift */ = {isa = PBXFileReference; lastKnownFileType = sourcecode.swift; path = Middleware.swift; sourceTree = "<group>"; };
		EC106C8222CEDC040010C543 /* ReduxStore.swift */ = {isa = PBXFileReference; lastKnownFileType = sourcecode.swift; path = ReduxStore.swift; sourceTree = "<group>"; };
		EC139E0222B4E6BC003B138A /* SwiftUI-Redux.app */ = {isa = PBXFileReference; explicitFileType = wrapper.application; includeInIndex = 0; path = "SwiftUI-Redux.app"; sourceTree = BUILT_PRODUCTS_DIR; };
		EC139E0522B4E6BC003B138A /* AppDelegate.swift */ = {isa = PBXFileReference; lastKnownFileType = sourcecode.swift; path = AppDelegate.swift; sourceTree = "<group>"; };
		EC139E0722B4E6BC003B138A /* SceneDelegate.swift */ = {isa = PBXFileReference; lastKnownFileType = sourcecode.swift; path = SceneDelegate.swift; sourceTree = "<group>"; };
		EC139E0B22B4E6BD003B138A /* Assets.xcassets */ = {isa = PBXFileReference; lastKnownFileType = folder.assetcatalog; path = Assets.xcassets; sourceTree = "<group>"; };
		EC139E0E22B4E6BD003B138A /* Preview Assets.xcassets */ = {isa = PBXFileReference; lastKnownFileType = folder.assetcatalog; path = "Preview Assets.xcassets"; sourceTree = "<group>"; };
		EC139E1122B4E6BD003B138A /* Base */ = {isa = PBXFileReference; lastKnownFileType = file.storyboard; name = Base; path = Base.lproj/LaunchScreen.storyboard; sourceTree = "<group>"; };
		EC139E1322B4E6BD003B138A /* Info.plist */ = {isa = PBXFileReference; lastKnownFileType = text.plist.xml; path = Info.plist; sourceTree = "<group>"; };
		EC139E1822B4E6BD003B138A /* SwiftUI-ReduxTests.xctest */ = {isa = PBXFileReference; explicitFileType = wrapper.cfbundle; includeInIndex = 0; path = "SwiftUI-ReduxTests.xctest"; sourceTree = BUILT_PRODUCTS_DIR; };
		EC139E1C22B4E6BD003B138A /* SwiftUI_ReduxTests.swift */ = {isa = PBXFileReference; lastKnownFileType = sourcecode.swift; path = SwiftUI_ReduxTests.swift; sourceTree = "<group>"; };
		EC139E1E22B4E6BD003B138A /* Info.plist */ = {isa = PBXFileReference; lastKnownFileType = text.plist.xml; path = Info.plist; sourceTree = "<group>"; };
		ECC12E9822B63B9000ED3FC3 /* ReSwift.framework */ = {isa = PBXFileReference; lastKnownFileType = wrapper.framework; name = ReSwift.framework; path = Carthage/Build/iOS/ReSwift.framework; sourceTree = "<group>"; };
/* End PBXFileReference section */

/* Begin PBXFrameworksBuildPhase section */
		EC139DFF22B4E6BC003B138A /* Frameworks */ = {
			isa = PBXFrameworksBuildPhase;
			buildActionMask = 2147483647;
			files = (
				EC67E57522F0964400B2382C /* ReSwift in Frameworks */,
			);
			runOnlyForDeploymentPostprocessing = 0;
		};
		EC139E1522B4E6BD003B138A /* Frameworks */ = {
			isa = PBXFrameworksBuildPhase;
			buildActionMask = 2147483647;
			files = (
			);
			runOnlyForDeploymentPostprocessing = 0;
		};
/* End PBXFrameworksBuildPhase section */

/* Begin PBXGroup section */
		EC106C5522CAE52E0010C543 /* Models */ = {
			isa = PBXGroup;
			children = (
				EC106C5622CAE52E0010C543 /* SearchRepositoryResponse.swift */,
				EC106C5722CAE52E0010C543 /* AnySubscription.swift */,
				EC106C5822CAE52E0010C543 /* User.swift */,
				EC106C5922CAE52E0010C543 /* Repository.swift */,
			);
			path = Models;
			sourceTree = "<group>";
		};
		EC106C5E22CAE5350010C543 /* Services */ = {
			isa = PBXGroup;
			children = (
				EC106C5F22CAE5350010C543 /* TrackerService.swift */,
				EC106C6022CAE5350010C543 /* APIService.swift */,
				EC106C6122CAE5350010C543 /* APIServiceError.swift */,
				EC106C6222CAE5350010C543 /* SearchRepositoryRequest.swift */,
				EC106C6322CAE5350010C543 /* ExperimentService.swift */,
			);
			path = Services;
			sourceTree = "<group>";
		};
		EC106C6922CAE53B0010C543 /* Views */ = {
			isa = PBXGroup;
			children = (
				EC106C6A22CAE53B0010C543 /* RepositoryListView.swift */,
				EC106C6B22CAE53B0010C543 /* RepositoryListRow.swift */,
				EC106C6C22CAE53B0010C543 /* RepositoryDetailView.swift */,
			);
			path = Views;
			sourceTree = "<group>";
		};
		EC106C7022CB85150010C543 /* Redux */ = {
			isa = PBXGroup;
			children = (
				EC106C7122CB85240010C543 /* Redux.swift */,
				EC106C8222CEDC040010C543 /* ReduxStore.swift */,
				EC106C8022CEDBA20010C543 /* Middleware.swift */,
				EC106C7422CB8CB20010C543 /* AppState.swift */,
				EC106C7322CB8C2B0010C543 /* List */,
			);
			path = Redux;
			sourceTree = "<group>";
		};
		EC106C7322CB8C2B0010C543 /* List */ = {
			isa = PBXGroup;
			children = (
				EC106C7A22CB8F660010C543 /* RepositoryListAction.swift */,
				EC106C7822CB8F330010C543 /* RepositoryListReducer.swift */,
				EC106C7622CB8D4B0010C543 /* RepositoryListState.swift */,
			);
			path = List;
			sourceTree = "<group>";
		};
		EC139DF922B4E6BC003B138A = {
			isa = PBXGroup;
			children = (
				EC139E0422B4E6BC003B138A /* SwiftUI-Redux */,
				EC139E1B22B4E6BD003B138A /* SwiftUI-ReduxTests */,
				EC139E0322B4E6BC003B138A /* Products */,
				ECC12E9722B63B9000ED3FC3 /* Frameworks */,
			);
			sourceTree = "<group>";
		};
		EC139E0322B4E6BC003B138A /* Products */ = {
			isa = PBXGroup;
			children = (
				EC139E0222B4E6BC003B138A /* SwiftUI-Redux.app */,
				EC139E1822B4E6BD003B138A /* SwiftUI-ReduxTests.xctest */,
			);
			name = Products;
			sourceTree = "<group>";
		};
		EC139E0422B4E6BC003B138A /* SwiftUI-Redux */ = {
			isa = PBXGroup;
			children = (
				EC106C7022CB85150010C543 /* Redux */,
				EC106C6922CAE53B0010C543 /* Views */,
				EC106C5E22CAE5350010C543 /* Services */,
				EC106C5522CAE52E0010C543 /* Models */,
				EC139E0522B4E6BC003B138A /* AppDelegate.swift */,
				EC139E0722B4E6BC003B138A /* SceneDelegate.swift */,
				EC139E0B22B4E6BD003B138A /* Assets.xcassets */,
				EC139E1022B4E6BD003B138A /* LaunchScreen.storyboard */,
				EC139E1322B4E6BD003B138A /* Info.plist */,
				EC139E0D22B4E6BD003B138A /* Preview Content */,
			);
			path = "SwiftUI-Redux";
			sourceTree = "<group>";
		};
		EC139E0D22B4E6BD003B138A /* Preview Content */ = {
			isa = PBXGroup;
			children = (
				EC139E0E22B4E6BD003B138A /* Preview Assets.xcassets */,
			);
			path = "Preview Content";
			sourceTree = "<group>";
		};
		EC139E1B22B4E6BD003B138A /* SwiftUI-ReduxTests */ = {
			isa = PBXGroup;
			children = (
				EC139E1C22B4E6BD003B138A /* SwiftUI_ReduxTests.swift */,
				EC139E1E22B4E6BD003B138A /* Info.plist */,
			);
			path = "SwiftUI-ReduxTests";
			sourceTree = "<group>";
		};
		ECC12E9722B63B9000ED3FC3 /* Frameworks */ = {
			isa = PBXGroup;
			children = (
				ECC12E9822B63B9000ED3FC3 /* ReSwift.framework */,
			);
			name = Frameworks;
			sourceTree = "<group>";
		};
/* End PBXGroup section */

/* Begin PBXNativeTarget section */
		EC139E0122B4E6BC003B138A /* SwiftUI-Redux */ = {
			isa = PBXNativeTarget;
			buildConfigurationList = EC139E2122B4E6BD003B138A /* Build configuration list for PBXNativeTarget "SwiftUI-Redux" */;
			buildPhases = (
				EC139DFE22B4E6BC003B138A /* Sources */,
				EC139DFF22B4E6BC003B138A /* Frameworks */,
				EC139E0022B4E6BC003B138A /* Resources */,
			);
			buildRules = (
			);
			dependencies = (
			);
			name = "SwiftUI-Redux";
			packageProductDependencies = (
				EC67E57422F0964400B2382C /* ReSwift */,
			);
			productName = "SwiftUI-Redux";
			productReference = EC139E0222B4E6BC003B138A /* SwiftUI-Redux.app */;
			productType = "com.apple.product-type.application";
		};
		EC139E1722B4E6BD003B138A /* SwiftUI-ReduxTests */ = {
			isa = PBXNativeTarget;
			buildConfigurationList = EC139E2422B4E6BD003B138A /* Build configuration list for PBXNativeTarget "SwiftUI-ReduxTests" */;
			buildPhases = (
				EC139E1422B4E6BD003B138A /* Sources */,
				EC139E1522B4E6BD003B138A /* Frameworks */,
				EC139E1622B4E6BD003B138A /* Resources */,
			);
			buildRules = (
			);
			dependencies = (
				EC139E1A22B4E6BD003B138A /* PBXTargetDependency */,
			);
			name = "SwiftUI-ReduxTests";
			productName = "SwiftUI-ReduxTests";
			productReference = EC139E1822B4E6BD003B138A /* SwiftUI-ReduxTests.xctest */;
			productType = "com.apple.product-type.bundle.unit-test";
		};
/* End PBXNativeTarget section */

/* Begin PBXProject section */
		EC139DFA22B4E6BC003B138A /* Project object */ = {
			isa = PBXProject;
			attributes = {
				LastSwiftUpdateCheck = 1100;
				LastUpgradeCheck = 1100;
				ORGANIZATIONNAME = "Yusuke Kita";
				TargetAttributes = {
					EC139E0122B4E6BC003B138A = {
						CreatedOnToolsVersion = 11.0;
					};
					EC139E1722B4E6BD003B138A = {
						CreatedOnToolsVersion = 11.0;
						TestTargetID = EC139E0122B4E6BC003B138A;
					};
				};
			};
			buildConfigurationList = EC139DFD22B4E6BC003B138A /* Build configuration list for PBXProject "SwiftUI-Redux" */;
			compatibilityVersion = "Xcode 9.3";
			developmentRegion = en;
			hasScannedForEncodings = 0;
			knownRegions = (
				en,
				Base,
			);
			mainGroup = EC139DF922B4E6BC003B138A;
			packageReferences = (
				EC67E57322F0964400B2382C /* XCRemoteSwiftPackageReference "ReSwift" */,
			);
			productRefGroup = EC139E0322B4E6BC003B138A /* Products */;
			projectDirPath = "";
			projectRoot = "";
			targets = (
				EC139E0122B4E6BC003B138A /* SwiftUI-Redux */,
				EC139E1722B4E6BD003B138A /* SwiftUI-ReduxTests */,
			);
		};
/* End PBXProject section */

/* Begin PBXResourcesBuildPhase section */
		EC139E0022B4E6BC003B138A /* Resources */ = {
			isa = PBXResourcesBuildPhase;
			buildActionMask = 2147483647;
			files = (
				EC139E1222B4E6BD003B138A /* LaunchScreen.storyboard in Resources */,
				EC139E0F22B4E6BD003B138A /* Preview Assets.xcassets in Resources */,
				EC139E0C22B4E6BD003B138A /* Assets.xcassets in Resources */,
			);
			runOnlyForDeploymentPostprocessing = 0;
		};
		EC139E1622B4E6BD003B138A /* Resources */ = {
			isa = PBXResourcesBuildPhase;
			buildActionMask = 2147483647;
			files = (
			);
			runOnlyForDeploymentPostprocessing = 0;
		};
/* End PBXResourcesBuildPhase section */

/* Begin PBXSourcesBuildPhase section */
		EC139DFE22B4E6BC003B138A /* Sources */ = {
			isa = PBXSourcesBuildPhase;
			buildActionMask = 2147483647;
			files = (
				EC106C6822CAE5350010C543 /* ExperimentService.swift in Sources */,
				EC106C6722CAE5350010C543 /* SearchRepositoryRequest.swift in Sources */,
				EC106C8322CEDC040010C543 /* ReduxStore.swift in Sources */,
				EC106C7222CB85240010C543 /* Redux.swift in Sources */,
				EC106C5D22CAE52E0010C543 /* Repository.swift in Sources */,
				EC106C6622CAE5350010C543 /* APIServiceError.swift in Sources */,
				EC106C8122CEDBA20010C543 /* Middleware.swift in Sources */,
				EC106C7B22CB8F660010C543 /* RepositoryListAction.swift in Sources */,
				EC139E0622B4E6BC003B138A /* AppDelegate.swift in Sources */,
				EC139E0822B4E6BC003B138A /* SceneDelegate.swift in Sources */,
				EC106C7722CB8D4B0010C543 /* RepositoryListState.swift in Sources */,
				EC106C7922CB8F330010C543 /* RepositoryListReducer.swift in Sources */,
				EC106C5C22CAE52E0010C543 /* User.swift in Sources */,
				EC106C6422CAE5350010C543 /* TrackerService.swift in Sources */,
				EC106C6D22CAE53B0010C543 /* RepositoryListView.swift in Sources */,
				EC106C5A22CAE52E0010C543 /* SearchRepositoryResponse.swift in Sources */,
				EC106C7522CB8CB20010C543 /* AppState.swift in Sources */,
				EC106C5B22CAE52E0010C543 /* AnySubscription.swift in Sources */,
				EC106C6522CAE5350010C543 /* APIService.swift in Sources */,
				EC106C6F22CAE53B0010C543 /* RepositoryDetailView.swift in Sources */,
				EC106C6E22CAE53B0010C543 /* RepositoryListRow.swift in Sources */,
			);
			runOnlyForDeploymentPostprocessing = 0;
		};
		EC139E1422B4E6BD003B138A /* Sources */ = {
			isa = PBXSourcesBuildPhase;
			buildActionMask = 2147483647;
			files = (
				EC139E1D22B4E6BD003B138A /* SwiftUI_ReduxTests.swift in Sources */,
			);
			runOnlyForDeploymentPostprocessing = 0;
		};
/* End PBXSourcesBuildPhase section */

/* Begin PBXTargetDependency section */
		EC139E1A22B4E6BD003B138A /* PBXTargetDependency */ = {
			isa = PBXTargetDependency;
			target = EC139E0122B4E6BC003B138A /* SwiftUI-Redux */;
			targetProxy = EC139E1922B4E6BD003B138A /* PBXContainerItemProxy */;
		};
/* End PBXTargetDependency section */

/* Begin PBXVariantGroup section */
		EC139E1022B4E6BD003B138A /* LaunchScreen.storyboard */ = {
			isa = PBXVariantGroup;
			children = (
				EC139E1122B4E6BD003B138A /* Base */,
			);
			name = LaunchScreen.storyboard;
			sourceTree = "<group>";
		};
/* End PBXVariantGroup section */

/* Begin XCBuildConfiguration section */
		EC139E1F22B4E6BD003B138A /* Debug */ = {
			isa = XCBuildConfiguration;
			buildSettings = {
				ALWAYS_SEARCH_USER_PATHS = NO;
				CLANG_ANALYZER_NONNULL = YES;
				CLANG_ANALYZER_NUMBER_OBJECT_CONVERSION = YES_AGGRESSIVE;
				CLANG_CXX_LANGUAGE_STANDARD = "gnu++14";
				CLANG_CXX_LIBRARY = "libc++";
				CLANG_ENABLE_MODULES = YES;
				CLANG_ENABLE_OBJC_ARC = YES;
				CLANG_ENABLE_OBJC_WEAK = YES;
				CLANG_WARN_BLOCK_CAPTURE_AUTORELEASING = YES;
				CLANG_WARN_BOOL_CONVERSION = YES;
				CLANG_WARN_COMMA = YES;
				CLANG_WARN_CONSTANT_CONVERSION = YES;
				CLANG_WARN_DEPRECATED_OBJC_IMPLEMENTATIONS = YES;
				CLANG_WARN_DIRECT_OBJC_ISA_USAGE = YES_ERROR;
				CLANG_WARN_DOCUMENTATION_COMMENTS = YES;
				CLANG_WARN_EMPTY_BODY = YES;
				CLANG_WARN_ENUM_CONVERSION = YES;
				CLANG_WARN_INFINITE_RECURSION = YES;
				CLANG_WARN_INT_CONVERSION = YES;
				CLANG_WARN_NON_LITERAL_NULL_CONVERSION = YES;
				CLANG_WARN_OBJC_IMPLICIT_RETAIN_SELF = YES;
				CLANG_WARN_OBJC_LITERAL_CONVERSION = YES;
				CLANG_WARN_OBJC_ROOT_CLASS = YES_ERROR;
				CLANG_WARN_RANGE_LOOP_ANALYSIS = YES;
				CLANG_WARN_STRICT_PROTOTYPES = YES;
				CLANG_WARN_SUSPICIOUS_MOVE = YES;
				CLANG_WARN_UNGUARDED_AVAILABILITY = YES_AGGRESSIVE;
				CLANG_WARN_UNREACHABLE_CODE = YES;
				CLANG_WARN__DUPLICATE_METHOD_MATCH = YES;
				COPY_PHASE_STRIP = NO;
				DEBUG_INFORMATION_FORMAT = dwarf;
				ENABLE_STRICT_OBJC_MSGSEND = YES;
				ENABLE_TESTABILITY = YES;
				GCC_C_LANGUAGE_STANDARD = gnu11;
				GCC_DYNAMIC_NO_PIC = NO;
				GCC_NO_COMMON_BLOCKS = YES;
				GCC_OPTIMIZATION_LEVEL = 0;
				GCC_PREPROCESSOR_DEFINITIONS = (
					"DEBUG=1",
					"$(inherited)",
				);
				GCC_WARN_64_TO_32_BIT_CONVERSION = YES;
				GCC_WARN_ABOUT_RETURN_TYPE = YES_ERROR;
				GCC_WARN_UNDECLARED_SELECTOR = YES;
				GCC_WARN_UNINITIALIZED_AUTOS = YES_AGGRESSIVE;
				GCC_WARN_UNUSED_FUNCTION = YES;
				GCC_WARN_UNUSED_VARIABLE = YES;
				IPHONEOS_DEPLOYMENT_TARGET = 13.0;
				MTL_ENABLE_DEBUG_INFO = INCLUDE_SOURCE;
				MTL_FAST_MATH = YES;
				ONLY_ACTIVE_ARCH = YES;
				SDKROOT = iphoneos;
				SWIFT_ACTIVE_COMPILATION_CONDITIONS = DEBUG;
				SWIFT_OPTIMIZATION_LEVEL = "-Onone";
			};
			name = Debug;
		};
		EC139E2022B4E6BD003B138A /* Release */ = {
			isa = XCBuildConfiguration;
			buildSettings = {
				ALWAYS_SEARCH_USER_PATHS = NO;
				CLANG_ANALYZER_NONNULL = YES;
				CLANG_ANALYZER_NUMBER_OBJECT_CONVERSION = YES_AGGRESSIVE;
				CLANG_CXX_LANGUAGE_STANDARD = "gnu++14";
				CLANG_CXX_LIBRARY = "libc++";
				CLANG_ENABLE_MODULES = YES;
				CLANG_ENABLE_OBJC_ARC = YES;
				CLANG_ENABLE_OBJC_WEAK = YES;
				CLANG_WARN_BLOCK_CAPTURE_AUTORELEASING = YES;
				CLANG_WARN_BOOL_CONVERSION = YES;
				CLANG_WARN_COMMA = YES;
				CLANG_WARN_CONSTANT_CONVERSION = YES;
				CLANG_WARN_DEPRECATED_OBJC_IMPLEMENTATIONS = YES;
				CLANG_WARN_DIRECT_OBJC_ISA_USAGE = YES_ERROR;
				CLANG_WARN_DOCUMENTATION_COMMENTS = YES;
				CLANG_WARN_EMPTY_BODY = YES;
				CLANG_WARN_ENUM_CONVERSION = YES;
				CLANG_WARN_INFINITE_RECURSION = YES;
				CLANG_WARN_INT_CONVERSION = YES;
				CLANG_WARN_NON_LITERAL_NULL_CONVERSION = YES;
				CLANG_WARN_OBJC_IMPLICIT_RETAIN_SELF = YES;
				CLANG_WARN_OBJC_LITERAL_CONVERSION = YES;
				CLANG_WARN_OBJC_ROOT_CLASS = YES_ERROR;
				CLANG_WARN_RANGE_LOOP_ANALYSIS = YES;
				CLANG_WARN_STRICT_PROTOTYPES = YES;
				CLANG_WARN_SUSPICIOUS_MOVE = YES;
				CLANG_WARN_UNGUARDED_AVAILABILITY = YES_AGGRESSIVE;
				CLANG_WARN_UNREACHABLE_CODE = YES;
				CLANG_WARN__DUPLICATE_METHOD_MATCH = YES;
				COPY_PHASE_STRIP = NO;
				DEBUG_INFORMATION_FORMAT = "dwarf-with-dsym";
				ENABLE_NS_ASSERTIONS = NO;
				ENABLE_STRICT_OBJC_MSGSEND = YES;
				GCC_C_LANGUAGE_STANDARD = gnu11;
				GCC_NO_COMMON_BLOCKS = YES;
				GCC_WARN_64_TO_32_BIT_CONVERSION = YES;
				GCC_WARN_ABOUT_RETURN_TYPE = YES_ERROR;
				GCC_WARN_UNDECLARED_SELECTOR = YES;
				GCC_WARN_UNINITIALIZED_AUTOS = YES_AGGRESSIVE;
				GCC_WARN_UNUSED_FUNCTION = YES;
				GCC_WARN_UNUSED_VARIABLE = YES;
				IPHONEOS_DEPLOYMENT_TARGET = 13.0;
				MTL_ENABLE_DEBUG_INFO = NO;
				MTL_FAST_MATH = YES;
				SDKROOT = iphoneos;
				SWIFT_COMPILATION_MODE = wholemodule;
				SWIFT_OPTIMIZATION_LEVEL = "-O";
				VALIDATE_PRODUCT = YES;
			};
			name = Release;
		};
		EC139E2222B4E6BD003B138A /* Debug */ = {
			isa = XCBuildConfiguration;
			buildSettings = {
				ASSETCATALOG_COMPILER_APPICON_NAME = AppIcon;
				CODE_SIGN_STYLE = Automatic;
				DEVELOPMENT_ASSET_PATHS = "SwiftUI-Redux/Preview\\ Content";
				DEVELOPMENT_TEAM = 34P5LXX69P;
				ENABLE_PREVIEWS = YES;
				FRAMEWORK_SEARCH_PATHS = "$(inherited)";
				INFOPLIST_FILE = "SwiftUI-Redux/Info.plist";
				LD_RUNPATH_SEARCH_PATHS = (
					"$(inherited)",
					"@executable_path/Frameworks",
				);
				PRODUCT_BUNDLE_IDENTIFIER = "com.kitasuke.SwiftUI-Redux";
				PRODUCT_NAME = "$(TARGET_NAME)";
				SWIFT_VERSION = 5.0;
				TARGETED_DEVICE_FAMILY = "1,2";
			};
			name = Debug;
		};
		EC139E2322B4E6BD003B138A /* Release */ = {
			isa = XCBuildConfiguration;
			buildSettings = {
				ASSETCATALOG_COMPILER_APPICON_NAME = AppIcon;
				CODE_SIGN_STYLE = Automatic;
				DEVELOPMENT_ASSET_PATHS = "SwiftUI-Redux/Preview\\ Content";
				DEVELOPMENT_TEAM = 34P5LXX69P;
				ENABLE_PREVIEWS = YES;
				FRAMEWORK_SEARCH_PATHS = "$(inherited)";
				INFOPLIST_FILE = "SwiftUI-Redux/Info.plist";
				LD_RUNPATH_SEARCH_PATHS = (
					"$(inherited)",
					"@executable_path/Frameworks",
				);
				PRODUCT_BUNDLE_IDENTIFIER = "com.kitasuke.SwiftUI-Redux";
				PRODUCT_NAME = "$(TARGET_NAME)";
				SWIFT_VERSION = 5.0;
				TARGETED_DEVICE_FAMILY = "1,2";
			};
			name = Release;
		};
		EC139E2522B4E6BD003B138A /* Debug */ = {
			isa = XCBuildConfiguration;
			buildSettings = {
				ALWAYS_EMBED_SWIFT_STANDARD_LIBRARIES = YES;
				BUNDLE_LOADER = "$(TEST_HOST)";
				CODE_SIGN_STYLE = Automatic;
				DEVELOPMENT_TEAM = 34P5LXX69P;
				INFOPLIST_FILE = "SwiftUI-ReduxTests/Info.plist";
				LD_RUNPATH_SEARCH_PATHS = (
					"$(inherited)",
					"@executable_path/Frameworks",
					"@loader_path/Frameworks",
				);
				PRODUCT_BUNDLE_IDENTIFIER = "com.kitasuke.SwiftUI-ReduxTests";
				PRODUCT_NAME = "$(TARGET_NAME)";
				SWIFT_VERSION = 5.0;
				TARGETED_DEVICE_FAMILY = "1,2";
				TEST_HOST = "$(BUILT_PRODUCTS_DIR)/SwiftUI-Redux.app/SwiftUI-Redux";
			};
			name = Debug;
		};
		EC139E2622B4E6BD003B138A /* Release */ = {
			isa = XCBuildConfiguration;
			buildSettings = {
				ALWAYS_EMBED_SWIFT_STANDARD_LIBRARIES = YES;
				BUNDLE_LOADER = "$(TEST_HOST)";
				CODE_SIGN_STYLE = Automatic;
				DEVELOPMENT_TEAM = 34P5LXX69P;
				INFOPLIST_FILE = "SwiftUI-ReduxTests/Info.plist";
				LD_RUNPATH_SEARCH_PATHS = (
					"$(inherited)",
					"@executable_path/Frameworks",
					"@loader_path/Frameworks",
				);
				PRODUCT_BUNDLE_IDENTIFIER = "com.kitasuke.SwiftUI-ReduxTests";
				PRODUCT_NAME = "$(TARGET_NAME)";
				SWIFT_VERSION = 5.0;
				TARGETED_DEVICE_FAMILY = "1,2";
				TEST_HOST = "$(BUILT_PRODUCTS_DIR)/SwiftUI-Redux.app/SwiftUI-Redux";
			};
			name = Release;
		};
/* End XCBuildConfiguration section */

/* Begin XCConfigurationList section */
		EC139DFD22B4E6BC003B138A /* Build configuration list for PBXProject "SwiftUI-Redux" */ = {
			isa = XCConfigurationList;
			buildConfigurations = (
				EC139E1F22B4E6BD003B138A /* Debug */,
				EC139E2022B4E6BD003B138A /* Release */,
			);
			defaultConfigurationIsVisible = 0;
			defaultConfigurationName = Release;
		};
		EC139E2122B4E6BD003B138A /* Build configuration list for PBXNativeTarget "SwiftUI-Redux" */ = {
			isa = XCConfigurationList;
			buildConfigurations = (
				EC139E2222B4E6BD003B138A /* Debug */,
				EC139E2322B4E6BD003B138A /* Release */,
			);
			defaultConfigurationIsVisible = 0;
			defaultConfigurationName = Release;
		};
		EC139E2422B4E6BD003B138A /* Build configuration list for PBXNativeTarget "SwiftUI-ReduxTests" */ = {
			isa = XCConfigurationList;
			buildConfigurations = (
				EC139E2522B4E6BD003B138A /* Debug */,
				EC139E2622B4E6BD003B138A /* Release */,
			);
			defaultConfigurationIsVisible = 0;
			defaultConfigurationName = Release;
		};
/* End XCConfigurationList section */

/* Begin XCRemoteSwiftPackageReference section */
		EC67E57322F0964400B2382C /* XCRemoteSwiftPackageReference "ReSwift" */ = {
			isa = XCRemoteSwiftPackageReference;
			repositoryURL = "https://github.com/ReSwift/ReSwift";
			requirement = {
				kind = upToNextMajorVersion;
				minimumVersion = 5.0.0;
			};
		};
/* End XCRemoteSwiftPackageReference section */

/* Begin XCSwiftPackageProductDependency section */
		EC67E57422F0964400B2382C /* ReSwift */ = {
			isa = XCSwiftPackageProductDependency;
			package = EC67E57322F0964400B2382C /* XCRemoteSwiftPackageReference "ReSwift" */;
			productName = ReSwift;
		};
/* End XCSwiftPackageProductDependency section */
	};
	rootObject = EC139DFA22B4E6BC003B138A /* Project object */;
}
